// !$*UTF8*$!
{
	archiveVersion = 1;
	classes = {
	};
	objectVersion = 50;
	objects = {

/* Begin PBXBuildFile section */
		178A3CA426A92A96006D6629 /* brandsToAvoidViewController.swift in Sources */ = {isa = PBXBuildFile; fileRef = 178A3CA326A92A96006D6629 /* brandsToAvoidViewController.swift */; };
		17957C1D26A9C6C1001E069E /* ArmdeangelsViewController.swift in Sources */ = {isa = PBXBuildFile; fileRef = 17957C1C26A9C6C1001E069E /* ArmdeangelsViewController.swift */; };
		17957C1F26A9CACD001E069E /* theRCollectiveViewController.swift in Sources */ = {isa = PBXBuildFile; fileRef = 17957C1E26A9CACD001E069E /* theRCollectiveViewController.swift */; };
		17957C2126A9CC17001E069E /* reCreateViewController.swift in Sources */ = {isa = PBXBuildFile; fileRef = 17957C2026A9CC17001E069E /* reCreateViewController.swift */; };
		17957C2326A9CD4D001E069E /* DorsuViewController.swift in Sources */ = {isa = PBXBuildFile; fileRef = 17957C2226A9CD4D001E069E /* DorsuViewController.swift */; };
		17957C2526A9D247001E069E /* NisaViewController.swift in Sources */ = {isa = PBXBuildFile; fileRef = 17957C2426A9D247001E069E /* NisaViewController.swift */; };
		587C598F26A5C7D10011A978 /* AppDelegate.swift in Sources */ = {isa = PBXBuildFile; fileRef = 587C598E26A5C7D10011A978 /* AppDelegate.swift */; };
		587C599126A5C7D10011A978 /* SceneDelegate.swift in Sources */ = {isa = PBXBuildFile; fileRef = 587C599026A5C7D10011A978 /* SceneDelegate.swift */; };
		587C599326A5C7D10011A978 /* ViewController.swift in Sources */ = {isa = PBXBuildFile; fileRef = 587C599226A5C7D10011A978 /* ViewController.swift */; };
		587C599626A5C7D10011A978 /* Main.storyboard in Resources */ = {isa = PBXBuildFile; fileRef = 587C599426A5C7D10011A978 /* Main.storyboard */; };
		587C599826A5C7D40011A978 /* Assets.xcassets in Resources */ = {isa = PBXBuildFile; fileRef = 587C599726A5C7D40011A978 /* Assets.xcassets */; };
		587C599B26A5C7D40011A978 /* LaunchScreen.storyboard in Resources */ = {isa = PBXBuildFile; fileRef = 587C599926A5C7D40011A978 /* LaunchScreen.storyboard */; };
		58A9EFD226A93A8A00E0BF71 /* betterBrandsViewController.swift in Sources */ = {isa = PBXBuildFile; fileRef = 58A9EFD126A93A8A00E0BF71 /* betterBrandsViewController.swift */; };
		58A9EFD426A93ABB00E0BF71 /* researchViewController.swift in Sources */ = {isa = PBXBuildFile; fileRef = 58A9EFD326A93ABB00E0BF71 /* researchViewController.swift */; };
		58FC8B3126A905AA006C14B9 /* CHNGEViewController.swift in Sources */ = {isa = PBXBuildFile; fileRef = 58FC8B3026A905AA006C14B9 /* CHNGEViewController.swift */; };
		58FC8B3326A90822006C14B9 /* NSAttributedStringExtenstion.swift in Sources */ = {isa = PBXBuildFile; fileRef = 58FC8B3226A90822006C14B9 /* NSAttributedStringExtenstion.swift */; };
/* End PBXBuildFile section */

/* Begin PBXFileReference section */
		178A3CA326A92A96006D6629 /* brandsToAvoidViewController.swift */ = {isa = PBXFileReference; lastKnownFileType = sourcecode.swift; path = brandsToAvoidViewController.swift; sourceTree = "<group>"; };
		17957C1C26A9C6C1001E069E /* ArmdeangelsViewController.swift */ = {isa = PBXFileReference; lastKnownFileType = sourcecode.swift; path = ArmdeangelsViewController.swift; sourceTree = "<group>"; };
		17957C1E26A9CACD001E069E /* theRCollectiveViewController.swift */ = {isa = PBXFileReference; lastKnownFileType = sourcecode.swift; path = theRCollectiveViewController.swift; sourceTree = "<group>"; };
		17957C2026A9CC17001E069E /* reCreateViewController.swift */ = {isa = PBXFileReference; lastKnownFileType = sourcecode.swift; path = reCreateViewController.swift; sourceTree = "<group>"; };
		17957C2226A9CD4D001E069E /* DorsuViewController.swift */ = {isa = PBXFileReference; lastKnownFileType = sourcecode.swift; path = DorsuViewController.swift; sourceTree = "<group>"; };
		17957C2426A9D247001E069E /* NisaViewController.swift */ = {isa = PBXFileReference; lastKnownFileType = sourcecode.swift; path = NisaViewController.swift; sourceTree = "<group>"; };
		587C598B26A5C7D10011A978 /* KWK Final Project (mobileAppDev).app */ = {isa = PBXFileReference; explicitFileType = wrapper.application; includeInIndex = 0; path = "KWK Final Project (mobileAppDev).app"; sourceTree = BUILT_PRODUCTS_DIR; };
		587C598E26A5C7D10011A978 /* AppDelegate.swift */ = {isa = PBXFileReference; lastKnownFileType = sourcecode.swift; path = AppDelegate.swift; sourceTree = "<group>"; };
		587C599026A5C7D10011A978 /* SceneDelegate.swift */ = {isa = PBXFileReference; lastKnownFileType = sourcecode.swift; path = SceneDelegate.swift; sourceTree = "<group>"; };
		587C599226A5C7D10011A978 /* ViewController.swift */ = {isa = PBXFileReference; lastKnownFileType = sourcecode.swift; path = ViewController.swift; sourceTree = "<group>"; };
		587C599526A5C7D10011A978 /* Base */ = {isa = PBXFileReference; lastKnownFileType = file.storyboard; name = Base; path = Base.lproj/Main.storyboard; sourceTree = "<group>"; };
		587C599726A5C7D40011A978 /* Assets.xcassets */ = {isa = PBXFileReference; lastKnownFileType = folder.assetcatalog; path = Assets.xcassets; sourceTree = "<group>"; };
		587C599A26A5C7D40011A978 /* Base */ = {isa = PBXFileReference; lastKnownFileType = file.storyboard; name = Base; path = Base.lproj/LaunchScreen.storyboard; sourceTree = "<group>"; };
		587C599C26A5C7D40011A978 /* Info.plist */ = {isa = PBXFileReference; lastKnownFileType = text.plist.xml; path = Info.plist; sourceTree = "<group>"; };
		58A9EFD126A93A8A00E0BF71 /* betterBrandsViewController.swift */ = {isa = PBXFileReference; lastKnownFileType = sourcecode.swift; path = betterBrandsViewController.swift; sourceTree = "<group>"; };
		58A9EFD326A93ABB00E0BF71 /* researchViewController.swift */ = {isa = PBXFileReference; lastKnownFileType = sourcecode.swift; path = researchViewController.swift; sourceTree = "<group>"; };
		58FC8B3026A905AA006C14B9 /* CHNGEViewController.swift */ = {isa = PBXFileReference; lastKnownFileType = sourcecode.swift; path = CHNGEViewController.swift; sourceTree = "<group>"; };
		58FC8B3226A90822006C14B9 /* NSAttributedStringExtenstion.swift */ = {isa = PBXFileReference; lastKnownFileType = sourcecode.swift; path = NSAttributedStringExtenstion.swift; sourceTree = "<group>"; };
/* End PBXFileReference section */

/* Begin PBXFrameworksBuildPhase section */
		587C598826A5C7D10011A978 /* Frameworks */ = {
			isa = PBXFrameworksBuildPhase;
			buildActionMask = 2147483647;
			files = (
			);
			runOnlyForDeploymentPostprocessing = 0;
		};
/* End PBXFrameworksBuildPhase section */

/* Begin PBXGroup section */
		587C598226A5C7D10011A978 = {
			isa = PBXGroup;
			children = (
				587C598D26A5C7D10011A978 /* KWK Final Project (mobileAppDev) */,
				587C598C26A5C7D10011A978 /* Products */,
			);
			sourceTree = "<group>";
		};
		587C598C26A5C7D10011A978 /* Products */ = {
			isa = PBXGroup;
			children = (
				587C598B26A5C7D10011A978 /* KWK Final Project (mobileAppDev).app */,
			);
			name = Products;
			sourceTree = "<group>";
		};
		587C598D26A5C7D10011A978 /* KWK Final Project (mobileAppDev) */ = {
			isa = PBXGroup;
			children = (
				587C598E26A5C7D10011A978 /* AppDelegate.swift */,
				587C599026A5C7D10011A978 /* SceneDelegate.swift */,
				587C599226A5C7D10011A978 /* ViewController.swift */,
				587C599426A5C7D10011A978 /* Main.storyboard */,
				17957C2426A9D247001E069E /* NisaViewController.swift */,
				17957C2226A9CD4D001E069E /* DorsuViewController.swift */,
				17957C2026A9CC17001E069E /* reCreateViewController.swift */,
				17957C1E26A9CACD001E069E /* theRCollectiveViewController.swift */,
				17957C1C26A9C6C1001E069E /* ArmdeangelsViewController.swift */,
				178A3CA326A92A96006D6629 /* brandsToAvoidViewController.swift */,
				58A9EFD126A93A8A00E0BF71 /* betterBrandsViewController.swift */,
				58FC8B3026A905AA006C14B9 /* CHNGEViewController.swift */,
				58A9EFD326A93ABB00E0BF71 /* researchViewController.swift */,
				587C599726A5C7D40011A978 /* Assets.xcassets */,
				587C599926A5C7D40011A978 /* LaunchScreen.storyboard */,
				587C599C26A5C7D40011A978 /* Info.plist */,
				58FC8B3226A90822006C14B9 /* NSAttributedStringExtenstion.swift */,
			);
			path = "KWK Final Project (mobileAppDev)";
			sourceTree = "<group>";
		};
/* End PBXGroup section */

/* Begin PBXNativeTarget section */
		587C598A26A5C7D10011A978 /* KWK Final Project (mobileAppDev) */ = {
			isa = PBXNativeTarget;
			buildConfigurationList = 587C599F26A5C7D40011A978 /* Build configuration list for PBXNativeTarget "KWK Final Project (mobileAppDev)" */;
			buildPhases = (
				587C598726A5C7D10011A978 /* Sources */,
				587C598826A5C7D10011A978 /* Frameworks */,
				587C598926A5C7D10011A978 /* Resources */,
			);
			buildRules = (
			);
			dependencies = (
			);
			name = "KWK Final Project (mobileAppDev)";
			productName = "KWK Final Project (mobileAppDev)";
			productReference = 587C598B26A5C7D10011A978 /* KWK Final Project (mobileAppDev).app */;
			productType = "com.apple.product-type.application";
		};
/* End PBXNativeTarget section */

/* Begin PBXProject section */
		587C598326A5C7D10011A978 /* Project object */ = {
			isa = PBXProject;
			attributes = {
				LastSwiftUpdateCheck = 1250;
				LastUpgradeCheck = 1250;
				TargetAttributes = {
					587C598A26A5C7D10011A978 = {
						CreatedOnToolsVersion = 12.5.1;
					};
				};
			};
			buildConfigurationList = 587C598626A5C7D10011A978 /* Build configuration list for PBXProject "KWK Final Project (mobileAppDev)" */;
			compatibilityVersion = "Xcode 9.3";
			developmentRegion = en;
			hasScannedForEncodings = 0;
			knownRegions = (
				en,
				Base,
			);
			mainGroup = 587C598226A5C7D10011A978;
			productRefGroup = 587C598C26A5C7D10011A978 /* Products */;
			projectDirPath = "";
			projectRoot = "";
			targets = (
				587C598A26A5C7D10011A978 /* KWK Final Project (mobileAppDev) */,
			);
		};
/* End PBXProject section */

/* Begin PBXResourcesBuildPhase section */
		587C598926A5C7D10011A978 /* Resources */ = {
			isa = PBXResourcesBuildPhase;
			buildActionMask = 2147483647;
			files = (
				587C599B26A5C7D40011A978 /* LaunchScreen.storyboard in Resources */,
				587C599826A5C7D40011A978 /* Assets.xcassets in Resources */,
				587C599626A5C7D10011A978 /* Main.storyboard in Resources */,
			);
			runOnlyForDeploymentPostprocessing = 0;
		};
/* End PBXResourcesBuildPhase section */

/* Begin PBXSourcesBuildPhase section */
		587C598726A5C7D10011A978 /* Sources */ = {
			isa = PBXSourcesBuildPhase;
			buildActionMask = 2147483647;
			files = (
				58A9EFD226A93A8A00E0BF71 /* betterBrandsViewController.swift in Sources */,
				58FC8B3126A905AA006C14B9 /* CHNGEViewController.swift in Sources */,
				17957C1D26A9C6C1001E069E /* ArmdeangelsViewController.swift in Sources */,
				587C599326A5C7D10011A978 /* ViewController.swift in Sources */,
				58A9EFD426A93ABB00E0BF71 /* researchViewController.swift in Sources */,
				58FC8B3326A90822006C14B9 /* NSAttributedStringExtenstion.swift in Sources */,
				178A3CA426A92A96006D6629 /* brandsToAvoidViewController.swift in Sources */,
				17957C1F26A9CACD001E069E /* theRCollectiveViewController.swift in Sources */,
				17957C2526A9D247001E069E /* NisaViewController.swift in Sources */,
				17957C2326A9CD4D001E069E /* DorsuViewController.swift in Sources */,
				587C598F26A5C7D10011A978 /* AppDelegate.swift in Sources */,
				17957C2126A9CC17001E069E /* reCreateViewController.swift in Sources */,
				587C599126A5C7D10011A978 /* SceneDelegate.swift in Sources */,
			);
			runOnlyForDeploymentPostprocessing = 0;
		};
/* End PBXSourcesBuildPhase section */

/* Begin PBXVariantGroup section */
		587C599426A5C7D10011A978 /* Main.storyboard */ = {
			isa = PBXVariantGroup;
			children = (
				587C599526A5C7D10011A978 /* Base */,
			);
			name = Main.storyboard;
			sourceTree = "<group>";
		};
		587C599926A5C7D40011A978 /* LaunchScreen.storyboard */ = {
			isa = PBXVariantGroup;
			children = (
				587C599A26A5C7D40011A978 /* Base */,
			);
			name = LaunchScreen.storyboard;
			sourceTree = "<group>";
		};
/* End PBXVariantGroup section */

/* Begin XCBuildConfiguration section */
		587C599D26A5C7D40011A978 /* Debug */ = {
			isa = XCBuildConfiguration;
			buildSettings = {
				ALWAYS_SEARCH_USER_PATHS = NO;
				CLANG_ANALYZER_NONNULL = YES;
				CLANG_ANALYZER_NUMBER_OBJECT_CONVERSION = YES_AGGRESSIVE;
				CLANG_CXX_LANGUAGE_STANDARD = "gnu++14";
				CLANG_CXX_LIBRARY = "libc++";
				CLANG_ENABLE_MODULES = YES;
				CLANG_ENABLE_OBJC_ARC = YES;
				CLANG_ENABLE_OBJC_WEAK = YES;
				CLANG_WARN_BLOCK_CAPTURE_AUTORELEASING = YES;
				CLANG_WARN_BOOL_CONVERSION = YES;
				CLANG_WARN_COMMA = YES;
				CLANG_WARN_CONSTANT_CONVERSION = YES;
				CLANG_WARN_DEPRECATED_OBJC_IMPLEMENTATIONS = YES;
				CLANG_WARN_DIRECT_OBJC_ISA_USAGE = YES_ERROR;
				CLANG_WARN_DOCUMENTATION_COMMENTS = YES;
				CLANG_WARN_EMPTY_BODY = YES;
				CLANG_WARN_ENUM_CONVERSION = YES;
				CLANG_WARN_INFINITE_RECURSION = YES;
				CLANG_WARN_INT_CONVERSION = YES;
				CLANG_WARN_NON_LITERAL_NULL_CONVERSION = YES;
				CLANG_WARN_OBJC_IMPLICIT_RETAIN_SELF = YES;
				CLANG_WARN_OBJC_LITERAL_CONVERSION = YES;
				CLANG_WARN_OBJC_ROOT_CLASS = YES_ERROR;
				CLANG_WARN_QUOTED_INCLUDE_IN_FRAMEWORK_HEADER = YES;
				CLANG_WARN_RANGE_LOOP_ANALYSIS = YES;
				CLANG_WARN_STRICT_PROTOTYPES = YES;
				CLANG_WARN_SUSPICIOUS_MOVE = YES;
				CLANG_WARN_UNGUARDED_AVAILABILITY = YES_AGGRESSIVE;
				CLANG_WARN_UNREACHABLE_CODE = YES;
				CLANG_WARN__DUPLICATE_METHOD_MATCH = YES;
				COPY_PHASE_STRIP = NO;
				DEBUG_INFORMATION_FORMAT = dwarf;
				ENABLE_STRICT_OBJC_MSGSEND = YES;
				ENABLE_TESTABILITY = YES;
				GCC_C_LANGUAGE_STANDARD = gnu11;
				GCC_DYNAMIC_NO_PIC = NO;
				GCC_NO_COMMON_BLOCKS = YES;
				GCC_OPTIMIZATION_LEVEL = 0;
				GCC_PREPROCESSOR_DEFINITIONS = (
					"DEBUG=1",
					"$(inherited)",
				);
				GCC_WARN_64_TO_32_BIT_CONVERSION = YES;
				GCC_WARN_ABOUT_RETURN_TYPE = YES_ERROR;
				GCC_WARN_UNDECLARED_SELECTOR = YES;
				GCC_WARN_UNINITIALIZED_AUTOS = YES_AGGRESSIVE;
				GCC_WARN_UNUSED_FUNCTION = YES;
				GCC_WARN_UNUSED_VARIABLE = YES;
				IPHONEOS_DEPLOYMENT_TARGET = 14.5;
				MTL_ENABLE_DEBUG_INFO = INCLUDE_SOURCE;
				MTL_FAST_MATH = YES;
				ONLY_ACTIVE_ARCH = YES;
				SDKROOT = iphoneos;
				SWIFT_ACTIVE_COMPILATION_CONDITIONS = DEBUG;
				SWIFT_OPTIMIZATION_LEVEL = "-Onone";
			};
			name = Debug;
		};
		587C599E26A5C7D40011A978 /* Release */ = {
			isa = XCBuildConfiguration;
			buildSettings = {
				ALWAYS_SEARCH_USER_PATHS = NO;
				CLANG_ANALYZER_NONNULL = YES;
				CLANG_ANALYZER_NUMBER_OBJECT_CONVERSION = YES_AGGRESSIVE;
				CLANG_CXX_LANGUAGE_STANDARD = "gnu++14";
				CLANG_CXX_LIBRARY = "libc++";
				CLANG_ENABLE_MODULES = YES;
				CLANG_ENABLE_OBJC_ARC = YES;
				CLANG_ENABLE_OBJC_WEAK = YES;
				CLANG_WARN_BLOCK_CAPTURE_AUTORELEASING = YES;
				CLANG_WARN_BOOL_CONVERSION = YES;
				CLANG_WARN_COMMA = YES;
				CLANG_WARN_CONSTANT_CONVERSION = YES;
				CLANG_WARN_DEPRECATED_OBJC_IMPLEMENTATIONS = YES;
				CLANG_WARN_DIRECT_OBJC_ISA_USAGE = YES_ERROR;
				CLANG_WARN_DOCUMENTATION_COMMENTS = YES;
				CLANG_WARN_EMPTY_BODY = YES;
				CLANG_WARN_ENUM_CONVERSION = YES;
				CLANG_WARN_INFINITE_RECURSION = YES;
				CLANG_WARN_INT_CONVERSION = YES;
				CLANG_WARN_NON_LITERAL_NULL_CONVERSION = YES;
				CLANG_WARN_OBJC_IMPLICIT_RETAIN_SELF = YES;
				CLANG_WARN_OBJC_LITERAL_CONVERSION = YES;
				CLANG_WARN_OBJC_ROOT_CLASS = YES_ERROR;
				CLANG_WARN_QUOTED_INCLUDE_IN_FRAMEWORK_HEADER = YES;
				CLANG_WARN_RANGE_LOOP_ANALYSIS = YES;
				CLANG_WARN_STRICT_PROTOTYPES = YES;
				CLANG_WARN_SUSPICIOUS_MOVE = YES;
				CLANG_WARN_UNGUARDED_AVAILABILITY = YES_AGGRESSIVE;
				CLANG_WARN_UNREACHABLE_CODE = YES;
				CLANG_WARN__DUPLICATE_METHOD_MATCH = YES;
				COPY_PHASE_STRIP = NO;
				DEBUG_INFORMATION_FORMAT = "dwarf-with-dsym";
				ENABLE_NS_ASSERTIONS = NO;
				ENABLE_STRICT_OBJC_MSGSEND = YES;
				GCC_C_LANGUAGE_STANDARD = gnu11;
				GCC_NO_COMMON_BLOCKS = YES;
				GCC_WARN_64_TO_32_BIT_CONVERSION = YES;
				GCC_WARN_ABOUT_RETURN_TYPE = YES_ERROR;
				GCC_WARN_UNDECLARED_SELECTOR = YES;
				GCC_WARN_UNINITIALIZED_AUTOS = YES_AGGRESSIVE;
				GCC_WARN_UNUSED_FUNCTION = YES;
				GCC_WARN_UNUSED_VARIABLE = YES;
				IPHONEOS_DEPLOYMENT_TARGET = 14.5;
				MTL_ENABLE_DEBUG_INFO = NO;
				MTL_FAST_MATH = YES;
				SDKROOT = iphoneos;
				SWIFT_COMPILATION_MODE = wholemodule;
				SWIFT_OPTIMIZATION_LEVEL = "-O";
				VALIDATE_PRODUCT = YES;
			};
			name = Release;
		};
		587C59A026A5C7D40011A978 /* Debug */ = {
			isa = XCBuildConfiguration;
			buildSettings = {
				ASSETCATALOG_COMPILER_APPICON_NAME = AppIcon;
				ASSETCATALOG_COMPILER_GLOBAL_ACCENT_COLOR_NAME = AccentColor;
				CODE_SIGN_STYLE = Automatic;
				INFOPLIST_FILE = "KWK Final Project (mobileAppDev)/Info.plist";
				LD_RUNPATH_SEARCH_PATHS = (
					"$(inherited)",
					"@executable_path/Frameworks",
				);
				PRODUCT_BUNDLE_IDENTIFIER = "Kode-With-Klossy.KWK-Final-Project--mobileAppDev-";
				PRODUCT_NAME = "$(TARGET_NAME)";
				SWIFT_VERSION = 5.0;
				TARGETED_DEVICE_FAMILY = "1,2";
			};
			name = Debug;
		};
		587C59A126A5C7D40011A978 /* Release */ = {
			isa = XCBuildConfiguration;
			buildSettings = {
				ASSETCATALOG_COMPILER_APPICON_NAME = AppIcon;
				ASSETCATALOG_COMPILER_GLOBAL_ACCENT_COLOR_NAME = AccentColor;
				CODE_SIGN_STYLE = Automatic;
				INFOPLIST_FILE = "KWK Final Project (mobileAppDev)/Info.plist";
				LD_RUNPATH_SEARCH_PATHS = (
					"$(inherited)",
					"@executable_path/Frameworks",
				);
				PRODUCT_BUNDLE_IDENTIFIER = "Kode-With-Klossy.KWK-Final-Project--mobileAppDev-";
				PRODUCT_NAME = "$(TARGET_NAME)";
				SWIFT_VERSION = 5.0;
				TARGETED_DEVICE_FAMILY = "1,2";
			};
			name = Release;
		};
/* End XCBuildConfiguration section */

/* Begin XCConfigurationList section */
		587C598626A5C7D10011A978 /* Build configuration list for PBXProject "KWK Final Project (mobileAppDev)" */ = {
			isa = XCConfigurationList;
			buildConfigurations = (
				587C599D26A5C7D40011A978 /* Debug */,
				587C599E26A5C7D40011A978 /* Release */,
			);
			defaultConfigurationIsVisible = 0;
			defaultConfigurationName = Release;
		};
		587C599F26A5C7D40011A978 /* Build configuration list for PBXNativeTarget "KWK Final Project (mobileAppDev)" */ = {
			isa = XCConfigurationList;
			buildConfigurations = (
				587C59A026A5C7D40011A978 /* Debug */,
				587C59A126A5C7D40011A978 /* Release */,
			);
			defaultConfigurationIsVisible = 0;
			defaultConfigurationName = Release;
		};
/* End XCConfigurationList section */
	};
	rootObject = 587C598326A5C7D10011A978 /* Project object */;
}
